// !$*UTF8*$!
{
	archiveVersion = 1;
	classes = {
	};
	objectVersion = 46;
	objects = {

/* Begin PBXBuildFile section */
		59EDEC8D1BEF7CC100ECA83E /* BinTojson.cpp in Sources */ = {isa = PBXBuildFile; fileRef = 59EDEC8B1BEF7CC100ECA83E /* BinTojson.cpp */; };
		9F0DF0BE1BD2A7AC009E470B /* jsonToBin.cpp in Sources */ = {isa = PBXBuildFile; fileRef = 9F0DF0A91BD2A7AC009E470B /* jsonToBin.cpp */; };
		9F0DF0BF1BD2A7AC009E470B /* Reader.cpp in Sources */ = {isa = PBXBuildFile; fileRef = 9F0DF0AB1BD2A7AC009E470B /* Reader.cpp */; };
		9F0DF0C01BD2A7AC009E470B /* Serialize.cpp in Sources */ = {isa = PBXBuildFile; fileRef = 9F0DF0AD1BD2A7AC009E470B /* Serialize.cpp */; };
		9F0DF0C11BD2A7AC009E470B /* test.cpp in Sources */ = {isa = PBXBuildFile; fileRef = 9F0DF0AF1BD2A7AC009E470B /* test.cpp */; };
		9F0DF0C21BD2A7AC009E470B /* README.md in Sources */ = {isa = PBXBuildFile; fileRef = 9F0DF0BD1BD2A7AC009E470B /* README.md */; };
/* End PBXBuildFile section */

/* Begin PBXCopyFilesBuildPhase section */
		9F0DF09C1BD2A78A009E470B /* CopyFiles */ = {
			isa = PBXCopyFilesBuildPhase;
			buildActionMask = 2147483647;
			dstPath = /usr/share/man/man1/;
			dstSubfolderSpec = 0;
			files = (
			);
			runOnlyForDeploymentPostprocessing = 1;
		};
/* End PBXCopyFilesBuildPhase section */

/* Begin PBXFileReference section */
		59EDEC8B1BEF7CC100ECA83E /* BinTojson.cpp */ = {isa = PBXFileReference; fileEncoding = 4; lastKnownFileType = sourcecode.cpp.cpp; path = BinTojson.cpp; sourceTree = "<group>"; };
		59EDEC8C1BEF7CC100ECA83E /* BinTojson.hpp */ = {isa = PBXFileReference; fileEncoding = 4; lastKnownFileType = sourcecode.cpp.h; path = BinTojson.hpp; sourceTree = "<group>"; };
		9F0DF09E1BD2A78A009E470B /* jsonBin */ = {isa = PBXFileReference; explicitFileType = "compiled.mach-o.executable"; includeInIndex = 0; path = jsonBin; sourceTree = BUILT_PRODUCTS_DIR; };
		9F0DF0A91BD2A7AC009E470B /* jsonToBin.cpp */ = {isa = PBXFileReference; fileEncoding = 4; lastKnownFileType = sourcecode.cpp.cpp; path = jsonToBin.cpp; sourceTree = "<group>"; };
		9F0DF0AA1BD2A7AC009E470B /* jsonToBin.hpp */ = {isa = PBXFileReference; fileEncoding = 4; lastKnownFileType = sourcecode.cpp.h; path = jsonToBin.hpp; sourceTree = "<group>"; };
		9F0DF0AB1BD2A7AC009E470B /* Reader.cpp */ = {isa = PBXFileReference; fileEncoding = 4; lastKnownFileType = sourcecode.cpp.cpp; path = Reader.cpp; sourceTree = "<group>"; };
		9F0DF0AC1BD2A7AC009E470B /* Reader.hpp */ = {isa = PBXFileReference; fileEncoding = 4; lastKnownFileType = sourcecode.cpp.h; path = Reader.hpp; sourceTree = "<group>"; };
		9F0DF0AD1BD2A7AC009E470B /* Serialize.cpp */ = {isa = PBXFileReference; fileEncoding = 4; lastKnownFileType = sourcecode.cpp.cpp; path = Serialize.cpp; sourceTree = "<group>"; };
		9F0DF0AE1BD2A7AC009E470B /* Serialize.hpp */ = {isa = PBXFileReference; fileEncoding = 4; lastKnownFileType = sourcecode.cpp.h; path = Serialize.hpp; sourceTree = "<group>"; };
		9F0DF0AF1BD2A7AC009E470B /* test.cpp */ = {isa = PBXFileReference; fileEncoding = 4; lastKnownFileType = sourcecode.cpp.cpp; path = test.cpp; sourceTree = "<group>"; };
		9F0DF0B21BD2A7AC009E470B /* document.h */ = {isa = PBXFileReference; fileEncoding = 4; lastKnownFileType = sourcecode.c.h; path = document.h; sourceTree = "<group>"; };
		9F0DF0B31BD2A7AC009E470B /* filestream.h */ = {isa = PBXFileReference; fileEncoding = 4; lastKnownFileType = sourcecode.c.h; path = filestream.h; sourceTree = "<group>"; };
		9F0DF0B51BD2A7AC009E470B /* pow10.h */ = {isa = PBXFileReference; fileEncoding = 4; lastKnownFileType = sourcecode.c.h; path = pow10.h; sourceTree = "<group>"; };
		9F0DF0B61BD2A7AC009E470B /* stack.h */ = {isa = PBXFileReference; fileEncoding = 4; lastKnownFileType = sourcecode.c.h; path = stack.h; sourceTree = "<group>"; };
		9F0DF0B71BD2A7AC009E470B /* strfunc.h */ = {isa = PBXFileReference; fileEncoding = 4; lastKnownFileType = sourcecode.c.h; path = strfunc.h; sourceTree = "<group>"; };
		9F0DF0B81BD2A7AC009E470B /* prettywriter.h */ = {isa = PBXFileReference; fileEncoding = 4; lastKnownFileType = sourcecode.c.h; path = prettywriter.h; sourceTree = "<group>"; };
		9F0DF0B91BD2A7AC009E470B /* rapidjson.h */ = {isa = PBXFileReference; fileEncoding = 4; lastKnownFileType = sourcecode.c.h; path = rapidjson.h; sourceTree = "<group>"; };
		9F0DF0BA1BD2A7AC009E470B /* reader.h */ = {isa = PBXFileReference; fileEncoding = 4; lastKnownFileType = sourcecode.c.h; path = reader.h; sourceTree = "<group>"; };
		9F0DF0BB1BD2A7AC009E470B /* stringbuffer.h */ = {isa = PBXFileReference; fileEncoding = 4; lastKnownFileType = sourcecode.c.h; path = stringbuffer.h; sourceTree = "<group>"; };
		9F0DF0BC1BD2A7AC009E470B /* writer.h */ = {isa = PBXFileReference; fileEncoding = 4; lastKnownFileType = sourcecode.c.h; path = writer.h; sourceTree = "<group>"; };
		9F0DF0BD1BD2A7AC009E470B /* README.md */ = {isa = PBXFileReference; fileEncoding = 4; lastKnownFileType = net.daringfireball.markdown; name = README.md; path = ../../../README.md; sourceTree = "<group>"; };
/* End PBXFileReference section */

/* Begin PBXFrameworksBuildPhase section */
		9F0DF09B1BD2A78A009E470B /* Frameworks */ = {
			isa = PBXFrameworksBuildPhase;
			buildActionMask = 2147483647;
			files = (
			);
			runOnlyForDeploymentPostprocessing = 0;
		};
/* End PBXFrameworksBuildPhase section */

/* Begin PBXGroup section */
		9F0DF0951BD2A78A009E470B = {
			isa = PBXGroup;
			children = (
				9F0DF0A01BD2A78A009E470B /* jsonBin */,
				9F0DF09F1BD2A78A009E470B /* Products */,
			);
			sourceTree = "<group>";
		};
		9F0DF09F1BD2A78A009E470B /* Products */ = {
			isa = PBXGroup;
			children = (
				9F0DF09E1BD2A78A009E470B /* jsonBin */,
			);
			name = Products;
			sourceTree = "<group>";
		};
		9F0DF0A01BD2A78A009E470B /* jsonBin */ = {
			isa = PBXGroup;
			children = (
				9F0DF0A81BD2A7AC009E470B /* src */,
				9F0DF0B01BD2A7AC009E470B /* lib */,
				9F0DF0BD1BD2A7AC009E470B /* README.md */,
			);
			path = jsonBin;
			sourceTree = "<group>";
		};
		9F0DF0A81BD2A7AC009E470B /* src */ = {
			isa = PBXGroup;
			children = (
				59EDEC8B1BEF7CC100ECA83E /* BinTojson.cpp */,
				59EDEC8C1BEF7CC100ECA83E /* BinTojson.hpp */,
				9F0DF0A91BD2A7AC009E470B /* jsonToBin.cpp */,
				9F0DF0AA1BD2A7AC009E470B /* jsonToBin.hpp */,
				9F0DF0AB1BD2A7AC009E470B /* Reader.cpp */,
				9F0DF0AC1BD2A7AC009E470B /* Reader.hpp */,
				9F0DF0AD1BD2A7AC009E470B /* Serialize.cpp */,
				9F0DF0AE1BD2A7AC009E470B /* Serialize.hpp */,
				9F0DF0AF1BD2A7AC009E470B /* test.cpp */,
			);
			name = src;
			path = ../../../src;
			sourceTree = "<group>";
		};
		9F0DF0B01BD2A7AC009E470B /* lib */ = {
			isa = PBXGroup;
			children = (
				9F0DF0B11BD2A7AC009E470B /* rapidjson */,
			);
			name = lib;
			path = ../../../lib;
			sourceTree = "<group>";
		};
		9F0DF0B11BD2A7AC009E470B /* rapidjson */ = {
			isa = PBXGroup;
			children = (
				9F0DF0B21BD2A7AC009E470B /* document.h */,
				9F0DF0B31BD2A7AC009E470B /* filestream.h */,
				9F0DF0B41BD2A7AC009E470B /* internal */,
				9F0DF0B81BD2A7AC009E470B /* prettywriter.h */,
				9F0DF0B91BD2A7AC009E470B /* rapidjson.h */,
				9F0DF0BA1BD2A7AC009E470B /* reader.h */,
				9F0DF0BB1BD2A7AC009E470B /* stringbuffer.h */,
				9F0DF0BC1BD2A7AC009E470B /* writer.h */,
			);
			path = rapidjson;
			sourceTree = "<group>";
		};
		9F0DF0B41BD2A7AC009E470B /* internal */ = {
			isa = PBXGroup;
			children = (
				9F0DF0B51BD2A7AC009E470B /* pow10.h */,
				9F0DF0B61BD2A7AC009E470B /* stack.h */,
				9F0DF0B71BD2A7AC009E470B /* strfunc.h */,
			);
			path = internal;
			sourceTree = "<group>";
		};
/* End PBXGroup section */

/* Begin PBXNativeTarget section */
		9F0DF09D1BD2A78A009E470B /* jsonBin */ = {
			isa = PBXNativeTarget;
			buildConfigurationList = 9F0DF0A51BD2A78A009E470B /* Build configuration list for PBXNativeTarget "jsonBin" */;
			buildPhases = (
				9F0DF09A1BD2A78A009E470B /* Sources */,
				9F0DF09B1BD2A78A009E470B /* Frameworks */,
				9F0DF09C1BD2A78A009E470B /* CopyFiles */,
			);
			buildRules = (
			);
			dependencies = (
			);
			name = jsonBin;
			productName = jsonBin;
			productReference = 9F0DF09E1BD2A78A009E470B /* jsonBin */;
			productType = "com.apple.product-type.tool";
		};
/* End PBXNativeTarget section */

/* Begin PBXProject section */
		9F0DF0961BD2A78A009E470B /* Project object */ = {
			isa = PBXProject;
			attributes = {
				LastUpgradeCheck = 0700;
				ORGANIZATIONNAME = jsonBin;
				TargetAttributes = {
					9F0DF09D1BD2A78A009E470B = {
						CreatedOnToolsVersion = 7.0;
					};
				};
			};
			buildConfigurationList = 9F0DF0991BD2A78A009E470B /* Build configuration list for PBXProject "jsonBin" */;
			compatibilityVersion = "Xcode 3.2";
			developmentRegion = English;
			hasScannedForEncodings = 0;
			knownRegions = (
				en,
			);
			mainGroup = 9F0DF0951BD2A78A009E470B;
			productRefGroup = 9F0DF09F1BD2A78A009E470B /* Products */;
			projectDirPath = "";
			projectRoot = "";
			targets = (
				9F0DF09D1BD2A78A009E470B /* jsonBin */,
			);
		};
/* End PBXProject section */

/* Begin PBXSourcesBuildPhase section */
		9F0DF09A1BD2A78A009E470B /* Sources */ = {
			isa = PBXSourcesBuildPhase;
			buildActionMask = 2147483647;
			files = (
				9F0DF0BF1BD2A7AC009E470B /* Reader.cpp in Sources */,
				9F0DF0C11BD2A7AC009E470B /* test.cpp in Sources */,
				9F0DF0C21BD2A7AC009E470B /* README.md in Sources */,
				9F0DF0BE1BD2A7AC009E470B /* jsonToBin.cpp in Sources */,
				59EDEC8D1BEF7CC100ECA83E /* BinTojson.cpp in Sources */,
				9F0DF0C01BD2A7AC009E470B /* Serialize.cpp in Sources */,
			);
			runOnlyForDeploymentPostprocessing = 0;
		};
/* End PBXSourcesBuildPhase section */

/* Begin XCBuildConfiguration section */
		9F0DF0A31BD2A78A009E470B /* Debug */ = {
			isa = XCBuildConfiguration;
			buildSettings = {
				ALWAYS_SEARCH_USER_PATHS = NO;
				CLANG_CXX_LANGUAGE_STANDARD = "gnu++0x";
				CLANG_CXX_LIBRARY = "libc++";
				CLANG_ENABLE_MODULES = YES;
				CLANG_ENABLE_OBJC_ARC = YES;
				CLANG_WARN_BOOL_CONVERSION = YES;
				CLANG_WARN_CONSTANT_CONVERSION = YES;
				CLANG_WARN_DIRECT_OBJC_ISA_USAGE = YES_ERROR;
				CLANG_WARN_EMPTY_BODY = YES;
				CLANG_WARN_ENUM_CONVERSION = YES;
				CLANG_WARN_INT_CONVERSION = YES;
				CLANG_WARN_OBJC_ROOT_CLASS = YES_ERROR;
				CLANG_WARN_UNREACHABLE_CODE = YES;
				CLANG_WARN__DUPLICATE_METHOD_MATCH = YES;
				COPY_PHASE_STRIP = NO;
				DEBUG_INFORMATION_FORMAT = dwarf;
				ENABLE_STRICT_OBJC_MSGSEND = YES;
				ENABLE_TESTABILITY = YES;
				GCC_C_LANGUAGE_STANDARD = gnu99;
				GCC_DYNAMIC_NO_PIC = NO;
				GCC_NO_COMMON_BLOCKS = YES;
				GCC_OPTIMIZATION_LEVEL = 0;
				GCC_PREPROCESSOR_DEFINITIONS = (
					"DEBUG=1",
					"$(inherited)",
				);
				GCC_WARN_64_TO_32_BIT_CONVERSION = YES;
				GCC_WARN_ABOUT_RETURN_TYPE = YES_ERROR;
				GCC_WARN_UNDECLARED_SELECTOR = YES;
				GCC_WARN_UNINITIALIZED_AUTOS = YES_AGGRESSIVE;
				GCC_WARN_UNUSED_FUNCTION = YES;
				GCC_WARN_UNUSED_VARIABLE = YES;
				HEADER_SEARCH_PATHS = (
					"$(PROJECT_DIR)/../../src",
					"$(PROJECT_DIR)/../../lib",
				);
				MACOSX_DEPLOYMENT_TARGET = 10.11;
				MTL_ENABLE_DEBUG_INFO = YES;
				ONLY_ACTIVE_ARCH = YES;
				SDKROOT = macosx;
			};
			name = Debug;
		};
		9F0DF0A41BD2A78A009E470B /* Release */ = {
			isa = XCBuildConfiguration;
			buildSettings = {
				ALWAYS_SEARCH_USER_PATHS = NO;
				CLANG_CXX_LANGUAGE_STANDARD = "gnu++0x";
				CLANG_CXX_LIBRARY = "libc++";
				CLANG_ENABLE_MODULES = YES;
				CLANG_ENABLE_OBJC_ARC = YES;
				CLANG_WARN_BOOL_CONVERSION = YES;
				CLANG_WARN_CONSTANT_CONVERSION = YES;
				CLANG_WARN_DIRECT_OBJC_ISA_USAGE = YES_ERROR;
				CLANG_WARN_EMPTY_BODY = YES;
				CLANG_WARN_ENUM_CONVERSION = YES;
				CLANG_WARN_INT_CONVERSION = YES;
				CLANG_WARN_OBJC_ROOT_CLASS = YES_ERROR;
				CLANG_WARN_UNREACHABLE_CODE = YES;
				CLANG_WARN__DUPLICATE_METHOD_MATCH = YES;
				COPY_PHASE_STRIP = NO;
				DEBUG_INFORMATION_FORMAT = "dwarf-with-dsym";
				ENABLE_NS_ASSERTIONS = NO;
				ENABLE_STRICT_OBJC_MSGSEND = YES;
				GCC_C_LANGUAGE_STANDARD = gnu99;
				GCC_NO_COMMON_BLOCKS = YES;
				GCC_WARN_64_TO_32_BIT_CONVERSION = YES;
				GCC_WARN_ABOUT_RETURN_TYPE = YES_ERROR;
				GCC_WARN_UNDECLARED_SELECTOR = YES;
				GCC_WARN_UNINITIALIZED_AUTOS = YES_AGGRESSIVE;
				GCC_WARN_UNUSED_FUNCTION = YES;
				GCC_WARN_UNUSED_VARIABLE = YES;
				HEADER_SEARCH_PATHS = (
					"$(PROJECT_DIR)/../../src",
					"$(PROJECT_DIR)/../../lib",
				);
				MACOSX_DEPLOYMENT_TARGET = 10.11;
				MTL_ENABLE_DEBUG_INFO = NO;
				SDKROOT = macosx;
			};
			name = Release;
		};
		9F0DF0A61BD2A78A009E470B /* Debug */ = {
			isa = XCBuildConfiguration;
			buildSettings = {
				PRODUCT_NAME = "$(TARGET_NAME)";
			};
			name = Debug;
		};
		9F0DF0A71BD2A78A009E470B /* Release */ = {
			isa = XCBuildConfiguration;
			buildSettings = {
				PRODUCT_NAME = "$(TARGET_NAME)";
			};
			name = Release;
		};
/* End XCBuildConfiguration section */

/* Begin XCConfigurationList section */
		9F0DF0991BD2A78A009E470B /* Build configuration list for PBXProject "jsonBin" */ = {
			isa = XCConfigurationList;
			buildConfigurations = (
				9F0DF0A31BD2A78A009E470B /* Debug */,
				9F0DF0A41BD2A78A009E470B /* Release */,
			);
			defaultConfigurationIsVisible = 0;
			defaultConfigurationName = Release;
		};
		9F0DF0A51BD2A78A009E470B /* Build configuration list for PBXNativeTarget "jsonBin" */ = {
			isa = XCConfigurationList;
			buildConfigurations = (
				9F0DF0A61BD2A78A009E470B /* Debug */,
				9F0DF0A71BD2A78A009E470B /* Release */,
			);
			defaultConfigurationIsVisible = 0;
			defaultConfigurationName = Release;
		};
/* End XCConfigurationList section */
	};
	rootObject = 9F0DF0961BD2A78A009E470B /* Project object */;
}
